
Microsoft Visual Studio Solution File, Format Version 12.00
# Visual Studio Version 16
VisualStudioVersion = 16.0.30503.244
MinimumVisualStudioVersion = 10.0.40219.1
Project("{FAE04EC0-301F-11D3-BF4B-00C04F79EFBC}") = "R08546002YCLiuAss06", "R08546002YCLiuAss06\R08546002YCLiuAss06.csproj", "{35F0DFB3-30DC-4A42-9BA8-262FDC64A514}"
EndProject
Global
	GlobalSection(SolutionConfigurationPlatforms) = preSolution
		Debug|Any CPU = Debug|Any CPU
		Release|Any CPU = Release|Any CPU
	EndGlobalSection
	GlobalSection(ProjectConfigurationPlatforms) = postSolution
		{35F0DFB3-30DC-4A42-9BA8-262FDC64A514}.Debug|Any CPU.ActiveCfg = Debug|Any CPU
		{35F0DFB3-30DC-4A42-9BA8-262FDC64A514}.Debug|Any CPU.Build.0 = Debug|Any CPU
		{35F0DFB3-30DC-4A42-9BA8-262FDC64A514}.Release|Any CPU.ActiveCfg = Release|Any CPU
		{35F0DFB3-30DC-4A42-9BA8-262FDC64A514}.Release|Any CPU.Build.0 = Release|Any CPU
	EndGlobalSection
	GlobalSection(SolutionProperties) = preSolution
		HideSolutionNode = FALSE
	EndGlobalSection
	GlobalSection(ExtensibilityGlobals) = postSolution
		SolutionGuid = {DBA30210-E5CE-4494-A39E-827A79D0486F}
	EndGlobalSection
EndGlobal
