
Microsoft Visual Studio Solution File, Format Version 12.00
# Visual Studio Version 16
VisualStudioVersion = 16.0.30503.244
MinimumVisualStudioVersion = 10.0.40219.1
Project("{FAE04EC0-301F-11D3-BF4B-00C04F79EFBC}") = "R08546002YCLiuAss01", "R08546002YCLiuAss01\R08546002YCLiuAss01.csproj", "{B0105867-13C0-4C77-9412-8178B66E0BF4}"
EndProject
Global
	GlobalSection(SolutionConfigurationPlatforms) = preSolution
		Debug|Any CPU = Debug|Any CPU
		Release|Any CPU = Release|Any CPU
	EndGlobalSection
	GlobalSection(ProjectConfigurationPlatforms) = postSolution
		{B0105867-13C0-4C77-9412-8178B66E0BF4}.Debug|Any CPU.ActiveCfg = Debug|Any CPU
		{B0105867-13C0-4C77-9412-8178B66E0BF4}.Debug|Any CPU.Build.0 = Debug|Any CPU
		{B0105867-13C0-4C77-9412-8178B66E0BF4}.Release|Any CPU.ActiveCfg = Release|Any CPU
		{B0105867-13C0-4C77-9412-8178B66E0BF4}.Release|Any CPU.Build.0 = Release|Any CPU
	EndGlobalSection
	GlobalSection(SolutionProperties) = preSolution
		HideSolutionNode = FALSE
	EndGlobalSection
	GlobalSection(ExtensibilityGlobals) = postSolution
		SolutionGuid = {77704401-94AB-4ADA-AA1F-4D48FDB033EF}
	EndGlobalSection
EndGlobal
