
Microsoft Visual Studio Solution File, Format Version 12.00
# Visual Studio Version 16
VisualStudioVersion = 16.0.30503.244
MinimumVisualStudioVersion = 10.0.40219.1
Project("{FAE04EC0-301F-11D3-BF4B-00C04F79EFBC}") = "R08546002YCLiuAss10TSP", "R08546002YCLiuAss10TSP\R08546002YCLiuAss10TSP.csproj", "{7940FEF5-9EBE-41AF-AB6D-4D9AEB0CB22C}"
EndProject
Global
	GlobalSection(SolutionConfigurationPlatforms) = preSolution
		Debug|Any CPU = Debug|Any CPU
		Release|Any CPU = Release|Any CPU
	EndGlobalSection
	GlobalSection(ProjectConfigurationPlatforms) = postSolution
		{7940FEF5-9EBE-41AF-AB6D-4D9AEB0CB22C}.Debug|Any CPU.ActiveCfg = Debug|Any CPU
		{7940FEF5-9EBE-41AF-AB6D-4D9AEB0CB22C}.Debug|Any CPU.Build.0 = Debug|Any CPU
		{7940FEF5-9EBE-41AF-AB6D-4D9AEB0CB22C}.Release|Any CPU.ActiveCfg = Release|Any CPU
		{7940FEF5-9EBE-41AF-AB6D-4D9AEB0CB22C}.Release|Any CPU.Build.0 = Release|Any CPU
	EndGlobalSection
	GlobalSection(SolutionProperties) = preSolution
		HideSolutionNode = FALSE
	EndGlobalSection
	GlobalSection(ExtensibilityGlobals) = postSolution
		SolutionGuid = {E65D77CC-0E4F-44B5-A9EC-BA038939D428}
	EndGlobalSection
EndGlobal
