
Microsoft Visual Studio Solution File, Format Version 12.00
# Visual Studio Version 16
VisualStudioVersion = 16.0.30503.244
MinimumVisualStudioVersion = 10.0.40219.1
Project("{FAE04EC0-301F-11D3-BF4B-00C04F79EFBC}") = "R08546002YCLiuAss12NN", "R08546002YCLiuAss12NN\R08546002YCLiuAss12NN.csproj", "{19C64CAA-4886-488D-8FAF-B1BE5905501C}"
EndProject
Global
	GlobalSection(SolutionConfigurationPlatforms) = preSolution
		Debug|Any CPU = Debug|Any CPU
		Release|Any CPU = Release|Any CPU
	EndGlobalSection
	GlobalSection(ProjectConfigurationPlatforms) = postSolution
		{19C64CAA-4886-488D-8FAF-B1BE5905501C}.Debug|Any CPU.ActiveCfg = Debug|Any CPU
		{19C64CAA-4886-488D-8FAF-B1BE5905501C}.Debug|Any CPU.Build.0 = Debug|Any CPU
		{19C64CAA-4886-488D-8FAF-B1BE5905501C}.Release|Any CPU.ActiveCfg = Release|Any CPU
		{19C64CAA-4886-488D-8FAF-B1BE5905501C}.Release|Any CPU.Build.0 = Release|Any CPU
	EndGlobalSection
	GlobalSection(SolutionProperties) = preSolution
		HideSolutionNode = FALSE
	EndGlobalSection
	GlobalSection(ExtensibilityGlobals) = postSolution
		SolutionGuid = {B5589A99-50D4-49C6-BE8A-D27BE4466210}
	EndGlobalSection
EndGlobal
